
Microsoft Visual Studio Solution File, Format Version 12.00
# Visual Studio Version 16
VisualStudioVersion = 16.0.30711.63
MinimumVisualStudioVersion = 10.0.40219.1
Project("{9A19103F-16F7-4668-BE54-9A1E7A4F7556}") = "VueJSSocialNetwork.Common", "VueSocialNetwork.Common\VueJSSocialNetwork.Common.csproj", "{72F0442B-3235-4831-9528-4C9DAD775625}"
EndProject
Project("{9A19103F-16F7-4668-BE54-9A1E7A4F7556}") = "VueJSSocialNetwork.Data", "VueJSSocialNetwork.Data\VueJSSocialNetwork.Data.csproj", "{E2448F49-416C-4B08-95DD-2C682EEC3DF3}"
EndProject
Project("{9A19103F-16F7-4668-BE54-9A1E7A4F7556}") = "VueJSSocialNetwork.Services", "VueJSSocialNetwork.Services\VueJSSocialNetwork.Services.csproj", "{040D6F76-97E7-418F-840D-6649F3C02D8D}"
EndProject
Project("{9A19103F-16F7-4668-BE54-9A1E7A4F7556}") = "VueJSSocialNetwork.Web", "VueJSSocialNetwork.Web\VueJSSocialNetwork.Web.csproj", "{E505B42A-EB6A-45ED-844F-D0872ACDAA06}"
EndProject
Global
	GlobalSection(SolutionConfigurationPlatforms) = preSolution
		Debug|Any CPU = Debug|Any CPU
		Release|Any CPU = Release|Any CPU
	EndGlobalSection
	GlobalSection(ProjectConfigurationPlatforms) = postSolution
		{72F0442B-3235-4831-9528-4C9DAD775625}.Debug|Any CPU.ActiveCfg = Debug|Any CPU
		{72F0442B-3235-4831-9528-4C9DAD775625}.Debug|Any CPU.Build.0 = Debug|Any CPU
		{72F0442B-3235-4831-9528-4C9DAD775625}.Release|Any CPU.ActiveCfg = Release|Any CPU
		{72F0442B-3235-4831-9528-4C9DAD775625}.Release|Any CPU.Build.0 = Release|Any CPU
		{E2448F49-416C-4B08-95DD-2C682EEC3DF3}.Debug|Any CPU.ActiveCfg = Debug|Any CPU
		{E2448F49-416C-4B08-95DD-2C682EEC3DF3}.Debug|Any CPU.Build.0 = Debug|Any CPU
		{E2448F49-416C-4B08-95DD-2C682EEC3DF3}.Release|Any CPU.ActiveCfg = Release|Any CPU
		{E2448F49-416C-4B08-95DD-2C682EEC3DF3}.Release|Any CPU.Build.0 = Release|Any CPU
		{040D6F76-97E7-418F-840D-6649F3C02D8D}.Debug|Any CPU.ActiveCfg = Debug|Any CPU
		{040D6F76-97E7-418F-840D-6649F3C02D8D}.Debug|Any CPU.Build.0 = Debug|Any CPU
		{040D6F76-97E7-418F-840D-6649F3C02D8D}.Release|Any CPU.ActiveCfg = Release|Any CPU
		{040D6F76-97E7-418F-840D-6649F3C02D8D}.Release|Any CPU.Build.0 = Release|Any CPU
		{E505B42A-EB6A-45ED-844F-D0872ACDAA06}.Debug|Any CPU.ActiveCfg = Debug|Any CPU
		{E505B42A-EB6A-45ED-844F-D0872ACDAA06}.Debug|Any CPU.Build.0 = Debug|Any CPU
		{E505B42A-EB6A-45ED-844F-D0872ACDAA06}.Release|Any CPU.ActiveCfg = Release|Any CPU
		{E505B42A-EB6A-45ED-844F-D0872ACDAA06}.Release|Any CPU.Build.0 = Release|Any CPU
	EndGlobalSection
	GlobalSection(SolutionProperties) = preSolution
		HideSolutionNode = FALSE
	EndGlobalSection
	GlobalSection(ExtensibilityGlobals) = postSolution
		SolutionGuid = {81E815A7-F502-4525-A9F5-CBB87AE15C18}
	EndGlobalSection
EndGlobal
